// !$*UTF8*$!
{
	archiveVersion = 1;
	classes = {
	};
	objectVersion = 46;
	objects = {

/* Begin PBXBuildFile section */
		0B5420C31D8ADF47002FAF29 /* JSON.swift in Sources */ = {isa = PBXBuildFile; fileRef = 0B5420C21D8ADF47002FAF29 /* JSON.swift */; };
		0B5420D11D8AE688002FAF29 /* simple.json in Resources */ = {isa = PBXBuildFile; fileRef = 0B5420D01D8AE688002FAF29 /* simple.json */; };
		0B5420D21D8AE8AA002FAF29 /* Palette.swift in Sources */ = {isa = PBXBuildFile; fileRef = 0BA804991D8AC7A80073A44B /* Palette.swift */; };
		0B5420D31D8AE8AD002FAF29 /* JSON.swift in Sources */ = {isa = PBXBuildFile; fileRef = 0B5420C21D8ADF47002FAF29 /* JSON.swift */; };
		0B7B228B1D8AFA1200566BED /* JSONTests.swift in Sources */ = {isa = PBXBuildFile; fileRef = 0B7B228A1D8AFA1200566BED /* JSONTests.swift */; };
		0B7B228D1D8B069A00566BED /* macOS.swift in Sources */ = {isa = PBXBuildFile; fileRef = 0B7B228C1D8B069A00566BED /* macOS.swift */; };
		0B7B228F1D8B08B500566BED /* Extensions.swift in Sources */ = {isa = PBXBuildFile; fileRef = 0B7B228E1D8B08B500566BED /* Extensions.swift */; };
		0B82EA1B1D8C2F1D00E70BD1 /* Extensions.swift in Sources */ = {isa = PBXBuildFile; fileRef = 0B7B228E1D8B08B500566BED /* Extensions.swift */; };
		0BA804931D8AC79A0073A44B /* main.swift in Sources */ = {isa = PBXBuildFile; fileRef = 0BA804921D8AC79A0073A44B /* main.swift */; };
		0BA8049A1D8AC7A80073A44B /* Palette.swift in Sources */ = {isa = PBXBuildFile; fileRef = 0BA804991D8AC7A80073A44B /* Palette.swift */; };
		0BBFCDE51D91E339004A8FF7 /* ColorsConversionTests.swift in Sources */ = {isa = PBXBuildFile; fileRef = 0BBFCDE41D91E339004A8FF7 /* ColorsConversionTests.swift */; };
		0BBFCDE71D91F456004A8FF7 /* macOSTests.swift in Sources */ = {isa = PBXBuildFile; fileRef = 0BBFCDE61D91F456004A8FF7 /* macOSTests.swift */; };
		0BBFCDE81D91F4DE004A8FF7 /* macOS.swift in Sources */ = {isa = PBXBuildFile; fileRef = 0B7B228C1D8B069A00566BED /* macOS.swift */; };
/* End PBXBuildFile section */

/* Begin PBXCopyFilesBuildPhase section */
		0BA8048D1D8AC79A0073A44B /* CopyFiles */ = {
			isa = PBXCopyFilesBuildPhase;
			buildActionMask = 2147483647;
			dstPath = /usr/share/man/man1/;
			dstSubfolderSpec = 0;
			files = (
			);
			runOnlyForDeploymentPostprocessing = 1;
		};
/* End PBXCopyFilesBuildPhase section */

/* Begin PBXFileReference section */
		0B02CF6B1D92F427006D0324 /* README.md */ = {isa = PBXFileReference; lastKnownFileType = net.daringfireball.markdown; path = README.md; sourceTree = "<group>"; };
		0B02CF6C1D92F46F006D0324 /* LICENSE */ = {isa = PBXFileReference; lastKnownFileType = text; path = LICENSE; sourceTree = "<group>"; };
		0B28E0C51D92A40900D2E120 /* Result.framework */ = {isa = PBXFileReference; lastKnownFileType = wrapper.framework; name = Result.framework; path = Carthage/Build/Mac/Result.framework; sourceTree = "<group>"; };
		0B28E0C61D92A40900D2E120 /* Commandant.framework */ = {isa = PBXFileReference; lastKnownFileType = wrapper.framework; name = Commandant.framework; path = Carthage/Build/Mac/Commandant.framework; sourceTree = "<group>"; };
		0B5420C21D8ADF47002FAF29 /* JSON.swift */ = {isa = PBXFileReference; fileEncoding = 4; lastKnownFileType = sourcecode.swift; path = JSON.swift; sourceTree = "<group>"; };
		0B5420C81D8AE666002FAF29 /* PaletteTests.xctest */ = {isa = PBXFileReference; explicitFileType = wrapper.cfbundle; includeInIndex = 0; path = PaletteTests.xctest; sourceTree = BUILT_PRODUCTS_DIR; };
		0B5420CC1D8AE666002FAF29 /* Info.plist */ = {isa = PBXFileReference; lastKnownFileType = text.plist.xml; path = Info.plist; sourceTree = "<group>"; };
		0B5420D01D8AE688002FAF29 /* simple.json */ = {isa = PBXFileReference; fileEncoding = 4; lastKnownFileType = text.json; path = simple.json; sourceTree = "<group>"; };
		0B7B228A1D8AFA1200566BED /* JSONTests.swift */ = {isa = PBXFileReference; fileEncoding = 4; lastKnownFileType = sourcecode.swift; path = JSONTests.swift; sourceTree = "<group>"; };
		0B7B228C1D8B069A00566BED /* macOS.swift */ = {isa = PBXFileReference; fileEncoding = 4; lastKnownFileType = sourcecode.swift; path = macOS.swift; sourceTree = "<group>"; };
		0B7B228E1D8B08B500566BED /* Extensions.swift */ = {isa = PBXFileReference; fileEncoding = 4; lastKnownFileType = sourcecode.swift; path = Extensions.swift; sourceTree = "<group>"; };
		0BA8048F1D8AC79A0073A44B /* Palette */ = {isa = PBXFileReference; explicitFileType = "compiled.mach-o.executable"; includeInIndex = 0; path = Palette; sourceTree = BUILT_PRODUCTS_DIR; };
		0BA804921D8AC79A0073A44B /* main.swift */ = {isa = PBXFileReference; lastKnownFileType = sourcecode.swift; path = main.swift; sourceTree = "<group>"; };
		0BA804991D8AC7A80073A44B /* Palette.swift */ = {isa = PBXFileReference; fileEncoding = 4; lastKnownFileType = sourcecode.swift; path = Palette.swift; sourceTree = "<group>"; };
		0BBFCDE41D91E339004A8FF7 /* ColorsConversionTests.swift */ = {isa = PBXFileReference; fileEncoding = 4; lastKnownFileType = sourcecode.swift; path = ColorsConversionTests.swift; sourceTree = "<group>"; };
		0BBFCDE61D91F456004A8FF7 /* macOSTests.swift */ = {isa = PBXFileReference; fileEncoding = 4; lastKnownFileType = sourcecode.swift; path = macOSTests.swift; sourceTree = "<group>"; };
/* End PBXFileReference section */

/* Begin PBXFrameworksBuildPhase section */
		0B5420C51D8AE666002FAF29 /* Frameworks */ = {
			isa = PBXFrameworksBuildPhase;
			buildActionMask = 2147483647;
			files = (
			);
			runOnlyForDeploymentPostprocessing = 0;
		};
		0BA8048C1D8AC79A0073A44B /* Frameworks */ = {
			isa = PBXFrameworksBuildPhase;
			buildActionMask = 2147483647;
			files = (
			);
			runOnlyForDeploymentPostprocessing = 0;
		};
/* End PBXFrameworksBuildPhase section */

/* Begin PBXGroup section */
		0B28E0C41D92A40900D2E120 /* Frameworks */ = {
			isa = PBXGroup;
			children = (
				0B28E0C51D92A40900D2E120 /* Result.framework */,
				0B28E0C61D92A40900D2E120 /* Commandant.framework */,
			);
			name = Frameworks;
			sourceTree = "<group>";
		};
		0B5420C91D8AE666002FAF29 /* PaletteTests */ = {
			isa = PBXGroup;
			children = (
				0B5420CC1D8AE666002FAF29 /* Info.plist */,
				0B5420D01D8AE688002FAF29 /* simple.json */,
				0B7B228A1D8AFA1200566BED /* JSONTests.swift */,
				0BBFCDE41D91E339004A8FF7 /* ColorsConversionTests.swift */,
				0BBFCDE61D91F456004A8FF7 /* macOSTests.swift */,
			);
			path = PaletteTests;
			sourceTree = "<group>";
		};
		0BA804861D8AC79A0073A44B = {
			isa = PBXGroup;
			children = (
				0B02CF6C1D92F46F006D0324 /* LICENSE */,
				0B02CF6B1D92F427006D0324 /* README.md */,
				0BA804911D8AC79A0073A44B /* Palette */,
				0B5420C91D8AE666002FAF29 /* PaletteTests */,
				0BA804901D8AC79A0073A44B /* Products */,
				0B28E0C41D92A40900D2E120 /* Frameworks */,
			);
			sourceTree = "<group>";
		};
		0BA804901D8AC79A0073A44B /* Products */ = {
			isa = PBXGroup;
			children = (
				0BA8048F1D8AC79A0073A44B /* Palette */,
				0B5420C81D8AE666002FAF29 /* PaletteTests.xctest */,
			);
			name = Products;
			sourceTree = "<group>";
		};
		0BA804911D8AC79A0073A44B /* Palette */ = {
			isa = PBXGroup;
			children = (
				0BA804991D8AC7A80073A44B /* Palette.swift */,
				0BA804921D8AC79A0073A44B /* main.swift */,
				0B5420C21D8ADF47002FAF29 /* JSON.swift */,
				0B7B228C1D8B069A00566BED /* macOS.swift */,
				0B7B228E1D8B08B500566BED /* Extensions.swift */,
			);
			path = Palette;
			sourceTree = "<group>";
		};
/* End PBXGroup section */

/* Begin PBXNativeTarget section */
		0B5420C71D8AE666002FAF29 /* PaletteTests */ = {
			isa = PBXNativeTarget;
			buildConfigurationList = 0B5420CF1D8AE666002FAF29 /* Build configuration list for PBXNativeTarget "PaletteTests" */;
			buildPhases = (
				0B5420C41D8AE666002FAF29 /* Sources */,
				0B5420C51D8AE666002FAF29 /* Frameworks */,
				0B5420C61D8AE666002FAF29 /* Resources */,
			);
			buildRules = (
			);
			dependencies = (
			);
			name = PaletteTests;
			productName = PaletteTests;
			productReference = 0B5420C81D8AE666002FAF29 /* PaletteTests.xctest */;
			productType = "com.apple.product-type.bundle.unit-test";
		};
		0BA8048E1D8AC79A0073A44B /* Palette */ = {
			isa = PBXNativeTarget;
			buildConfigurationList = 0BA804961D8AC79A0073A44B /* Build configuration list for PBXNativeTarget "Palette" */;
			buildPhases = (
				0BA8048B1D8AC79A0073A44B /* Sources */,
				0BA8048C1D8AC79A0073A44B /* Frameworks */,
				0BA8048D1D8AC79A0073A44B /* CopyFiles */,
			);
			buildRules = (
			);
			dependencies = (
			);
			name = Palette;
			productName = Palette;
			productReference = 0BA8048F1D8AC79A0073A44B /* Palette */;
			productType = "com.apple.product-type.tool";
		};
/* End PBXNativeTarget section */

/* Begin PBXProject section */
		0BA804871D8AC79A0073A44B /* Project object */ = {
			isa = PBXProject;
			attributes = {
				LastSwiftUpdateCheck = 0800;
				LastUpgradeCheck = 0800;
				ORGANIZATIONNAME = yageek;
				TargetAttributes = {
					0B5420C71D8AE666002FAF29 = {
						CreatedOnToolsVersion = 8.0;
						ProvisioningStyle = Automatic;
					};
					0BA8048E1D8AC79A0073A44B = {
						CreatedOnToolsVersion = 8.0;
						ProvisioningStyle = Automatic;
					};
				};
			};
			buildConfigurationList = 0BA8048A1D8AC79A0073A44B /* Build configuration list for PBXProject "Palette" */;
			compatibilityVersion = "Xcode 3.2";
			developmentRegion = English;
			hasScannedForEncodings = 0;
			knownRegions = (
				en,
			);
			mainGroup = 0BA804861D8AC79A0073A44B;
			productRefGroup = 0BA804901D8AC79A0073A44B /* Products */;
			projectDirPath = "";
			projectRoot = "";
			targets = (
				0BA8048E1D8AC79A0073A44B /* Palette */,
				0B5420C71D8AE666002FAF29 /* PaletteTests */,
			);
		};
/* End PBXProject section */

/* Begin PBXResourcesBuildPhase section */
		0B5420C61D8AE666002FAF29 /* Resources */ = {
			isa = PBXResourcesBuildPhase;
			buildActionMask = 2147483647;
			files = (
				0B5420D11D8AE688002FAF29 /* simple.json in Resources */,
			);
			runOnlyForDeploymentPostprocessing = 0;
		};
/* End PBXResourcesBuildPhase section */

/* Begin PBXSourcesBuildPhase section */
		0B5420C41D8AE666002FAF29 /* Sources */ = {
			isa = PBXSourcesBuildPhase;
			buildActionMask = 2147483647;
			files = (
				0B82EA1B1D8C2F1D00E70BD1 /* Extensions.swift in Sources */,
				0BBFCDE81D91F4DE004A8FF7 /* macOS.swift in Sources */,
				0B5420D31D8AE8AD002FAF29 /* JSON.swift in Sources */,
				0BBFCDE71D91F456004A8FF7 /* macOSTests.swift in Sources */,
				0BBFCDE51D91E339004A8FF7 /* ColorsConversionTests.swift in Sources */,
				0B5420D21D8AE8AA002FAF29 /* Palette.swift in Sources */,
				0B7B228B1D8AFA1200566BED /* JSONTests.swift in Sources */,
			);
			runOnlyForDeploymentPostprocessing = 0;
		};
		0BA8048B1D8AC79A0073A44B /* Sources */ = {
			isa = PBXSourcesBuildPhase;
			buildActionMask = 2147483647;
			files = (
				0B7B228F1D8B08B500566BED /* Extensions.swift in Sources */,
				0B5420C31D8ADF47002FAF29 /* JSON.swift in Sources */,
				0B7B228D1D8B069A00566BED /* macOS.swift in Sources */,
				0BA804931D8AC79A0073A44B /* main.swift in Sources */,
				0BA8049A1D8AC7A80073A44B /* Palette.swift in Sources */,
			);
			runOnlyForDeploymentPostprocessing = 0;
		};
/* End PBXSourcesBuildPhase section */

/* Begin XCBuildConfiguration section */
		0B5420CD1D8AE666002FAF29 /* Debug */ = {
			isa = XCBuildConfiguration;
			buildSettings = {
				CLANG_ENABLE_CODE_COVERAGE = NO;
				COMBINE_HIDPI_IMAGES = YES;
				INFOPLIST_FILE = PaletteTests/Info.plist;
				LD_RUNPATH_SEARCH_PATHS = "$(inherited) @executable_path/../Frameworks @loader_path/../Frameworks";
				PRODUCT_BUNDLE_IDENTIFIER = net.yageek.PaletteTests;
				PRODUCT_NAME = "$(TARGET_NAME)";
				SWIFT_ACTIVE_COMPILATION_CONDITIONS = DEBUG;
				SWIFT_VERSION = 3.0;
			};
			name = Debug;
		};
		0B5420CE1D8AE666002FAF29 /* Release */ = {
			isa = XCBuildConfiguration;
			buildSettings = {
				CLANG_ENABLE_CODE_COVERAGE = NO;
				COMBINE_HIDPI_IMAGES = YES;
				INFOPLIST_FILE = PaletteTests/Info.plist;
				LD_RUNPATH_SEARCH_PATHS = "$(inherited) @executable_path/../Frameworks @loader_path/../Frameworks";
				PRODUCT_BUNDLE_IDENTIFIER = net.yageek.PaletteTests;
				PRODUCT_NAME = "$(TARGET_NAME)";
				SWIFT_OPTIMIZATION_LEVEL = "-Owholemodule";
				SWIFT_VERSION = 3.0;
			};
			name = Release;
		};
		0BA804941D8AC79A0073A44B /* Debug */ = {
			isa = XCBuildConfiguration;
			buildSettings = {
				ALWAYS_SEARCH_USER_PATHS = NO;
				CLANG_ANALYZER_NONNULL = YES;
				CLANG_CXX_LANGUAGE_STANDARD = "gnu++0x";
				CLANG_CXX_LIBRARY = "libc++";
				CLANG_ENABLE_MODULES = YES;
				CLANG_ENABLE_OBJC_ARC = YES;
				CLANG_WARN_BOOL_CONVERSION = YES;
				CLANG_WARN_CONSTANT_CONVERSION = YES;
				CLANG_WARN_DIRECT_OBJC_ISA_USAGE = YES_ERROR;
				CLANG_WARN_DOCUMENTATION_COMMENTS = YES;
				CLANG_WARN_EMPTY_BODY = YES;
				CLANG_WARN_ENUM_CONVERSION = YES;
				CLANG_WARN_INFINITE_RECURSION = YES;
				CLANG_WARN_INT_CONVERSION = YES;
				CLANG_WARN_OBJC_ROOT_CLASS = YES_ERROR;
				CLANG_WARN_SUSPICIOUS_MOVES = YES;
				CLANG_WARN_UNREACHABLE_CODE = YES;
				CLANG_WARN__DUPLICATE_METHOD_MATCH = YES;
				CODE_SIGN_IDENTITY = "-";
				COPY_PHASE_STRIP = NO;
				DEBUG_INFORMATION_FORMAT = dwarf;
				ENABLE_STRICT_OBJC_MSGSEND = YES;
				ENABLE_TESTABILITY = YES;
				GCC_C_LANGUAGE_STANDARD = gnu99;
				GCC_DYNAMIC_NO_PIC = NO;
				GCC_NO_COMMON_BLOCKS = YES;
				GCC_OPTIMIZATION_LEVEL = 0;
				GCC_PREPROCESSOR_DEFINITIONS = (
					"DEBUG=1",
					"$(inherited)",
				);
				GCC_WARN_64_TO_32_BIT_CONVERSION = YES;
				GCC_WARN_ABOUT_RETURN_TYPE = YES_ERROR;
				GCC_WARN_UNDECLARED_SELECTOR = YES;
				GCC_WARN_UNINITIALIZED_AUTOS = YES_AGGRESSIVE;
				GCC_WARN_UNUSED_FUNCTION = YES;
				GCC_WARN_UNUSED_VARIABLE = YES;
				MACOSX_DEPLOYMENT_TARGET = 10.11;
				MTL_ENABLE_DEBUG_INFO = YES;
				ONLY_ACTIVE_ARCH = YES;
				SDKROOT = macosx;
				SWIFT_OPTIMIZATION_LEVEL = "-Onone";
			};
			name = Debug;
		};
		0BA804951D8AC79A0073A44B /* Release */ = {
			isa = XCBuildConfiguration;
			buildSettings = {
				ALWAYS_SEARCH_USER_PATHS = NO;
				CLANG_ANALYZER_NONNULL = YES;
				CLANG_CXX_LANGUAGE_STANDARD = "gnu++0x";
				CLANG_CXX_LIBRARY = "libc++";
				CLANG_ENABLE_MODULES = YES;
				CLANG_ENABLE_OBJC_ARC = YES;
				CLANG_WARN_BOOL_CONVERSION = YES;
				CLANG_WARN_CONSTANT_CONVERSION = YES;
				CLANG_WARN_DIRECT_OBJC_ISA_USAGE = YES_ERROR;
				CLANG_WARN_DOCUMENTATION_COMMENTS = YES;
				CLANG_WARN_EMPTY_BODY = YES;
				CLANG_WARN_ENUM_CONVERSION = YES;
				CLANG_WARN_INFINITE_RECURSION = YES;
				CLANG_WARN_INT_CONVERSION = YES;
				CLANG_WARN_OBJC_ROOT_CLASS = YES_ERROR;
				CLANG_WARN_SUSPICIOUS_MOVES = YES;
				CLANG_WARN_UNREACHABLE_CODE = YES;
				CLANG_WARN__DUPLICATE_METHOD_MATCH = YES;
				CODE_SIGN_IDENTITY = "-";
				COPY_PHASE_STRIP = NO;
				DEBUG_INFORMATION_FORMAT = "dwarf-with-dsym";
				ENABLE_NS_ASSERTIONS = NO;
				ENABLE_STRICT_OBJC_MSGSEND = YES;
				GCC_C_LANGUAGE_STANDARD = gnu99;
				GCC_NO_COMMON_BLOCKS = YES;
				GCC_WARN_64_TO_32_BIT_CONVERSION = YES;
				GCC_WARN_ABOUT_RETURN_TYPE = YES_ERROR;
				GCC_WARN_UNDECLARED_SELECTOR = YES;
				GCC_WARN_UNINITIALIZED_AUTOS = YES_AGGRESSIVE;
				GCC_WARN_UNUSED_FUNCTION = YES;
				GCC_WARN_UNUSED_VARIABLE = YES;
				MACOSX_DEPLOYMENT_TARGET = 10.11;
				MTL_ENABLE_DEBUG_INFO = NO;
				SDKROOT = macosx;
			};
			name = Release;
		};
		0BA804971D8AC79A0073A44B /* Debug */ = {
			isa = XCBuildConfiguration;
			buildSettings = {
				FRAMEWORK_SEARCH_PATHS = (
					"$(inherited)",
					"$(PROJECT_DIR)/Carthage/Build/Mac",
				);
				PRODUCT_NAME = "$(TARGET_NAME)";
				SWIFT_VERSION = 3.0;
			};
			name = Debug;
		};
		0BA804981D8AC79A0073A44B /* Release */ = {
			isa = XCBuildConfiguration;
			buildSettings = {
				FRAMEWORK_SEARCH_PATHS = (
					"$(inherited)",
					"$(PROJECT_DIR)/Carthage/Build/Mac",
				);
				PRODUCT_NAME = "$(TARGET_NAME)";
				SWIFT_VERSION = 3.0;
			};
			name = Release;
		};
/* End XCBuildConfiguration section */

/* Begin XCConfigurationList section */
		0B5420CF1D8AE666002FAF29 /* Build configuration list for PBXNativeTarget "PaletteTests" */ = {
			isa = XCConfigurationList;
			buildConfigurations = (
				0B5420CD1D8AE666002FAF29 /* Debug */,
				0B5420CE1D8AE666002FAF29 /* Release */,
			);
			defaultConfigurationIsVisible = 0;
			defaultConfigurationName = Release;
		};
		0BA8048A1D8AC79A0073A44B /* Build configuration list for PBXProject "Palette" */ = {
			isa = XCConfigurationList;
			buildConfigurations = (
				0BA804941D8AC79A0073A44B /* Debug */,
				0BA804951D8AC79A0073A44B /* Release */,
			);
			defaultConfigurationIsVisible = 0;
			defaultConfigurationName = Release;
		};
		0BA804961D8AC79A0073A44B /* Build configuration list for PBXNativeTarget "Palette" */ = {
			isa = XCConfigurationList;
			buildConfigurations = (
				0BA804971D8AC79A0073A44B /* Debug */,
				0BA804981D8AC79A0073A44B /* Release */,
			);
			defaultConfigurationIsVisible = 0;
			defaultConfigurationName = Release;
		};
/* End XCConfigurationList section */
	};
	rootObject = 0BA804871D8AC79A0073A44B /* Project object */;
}
